<Solution>
  <Folder Name="/Solution Items/">
    <File Path="docker-compose.yml" />
    <File Path="README.md" />
  </Folder>
  <Folder Name="/src/">
    <Project Path="src/TradingPulse.Api/TradingPulse.Api.csproj" />
    <Project Path="src/TradingPulse.Application/TradingPulse.Application.csproj" />
    <Project Path="src/TradingPulse.Domain/TradingPulse.Domain.csproj" />
    <Project Path="src/TradingPulse.Infrastructure/TradingPulse.Infrastructure.csproj" />
  </Folder>
  <Folder Name="/tests/">
    <Project Path="tests/TradingPulse.Domain.Tests/TradingPulse.Domain.Tests.csproj" />
    <Project Path="tests/TradingPulse.Infrastructure.Tests/TradingPulse.Infrastructure.Tests.csproj" />
  </Folder>
</Solution>
